
Microsoft Visual Studio Solution File, Format Version 12.00
# Visual Studio Version 17
VisualStudioVersion = 17.7.34031.279
MinimumVisualStudioVersion = 10.0.40219.1
Project("{A07B5EB6-E848-4116-A8D0-A826331D98C6}") = "Game.Cluster.App", "Game.Cluster.App\Game.Cluster.App.sfproj", "{B7E1F544-A612-45B9-ABFC-24427571E2D1}"
EndProject
Project("{9A19103F-16F7-4668-BE54-9A1E7A4F7556}") = "Game.Cluster.ClientManager", "Game.Cluster.ClientManager\Game.Cluster.ClientManager.csproj", "{EC4F41BC-13BF-410D-9EA6-69BF076447DA}"
EndProject
Project("{9A19103F-16F7-4668-BE54-9A1E7A4F7556}") = "Game.Cluster.GameManager", "Game.Cluster.GameManager\Game.Cluster.GameManager.csproj", "{7A0FE5D1-CB8F-478F-837B-69F5647EC54D}"
EndProject
Project("{9A19103F-16F7-4668-BE54-9A1E7A4F7556}") = "Game.Cluster.GameRegister", "Game.Cluster.GameRegister\Game.Cluster.GameRegister.csproj", "{9206F4F4-EC85-4844-BAB2-CC7D99544D57}"
EndProject
Project("{9A19103F-16F7-4668-BE54-9A1E7A4F7556}") = "Game.Cluster.Gateway", "Game.Cluster.Gateway\Game.Cluster.Gateway.csproj", "{6975DA7E-9AA0-41D7-AC65-E0CD0CEA7C90}"
EndProject
Project("{9A19103F-16F7-4668-BE54-9A1E7A4F7556}") = "Game.Cluster.Mia", "Game.Cluster.Mia\Game.Cluster.Mia.csproj", "{D7670783-7309-4E95-A38B-CF17D3994F29}"
EndProject
Project("{9A19103F-16F7-4668-BE54-9A1E7A4F7556}") = "Game.Cluster.Web", "Game.Cluster.Web\Game.Cluster.Web.csproj", "{F70E165F-0323-4EA5-BA69-6DD7EE50D577}"
EndProject
Global
	GlobalSection(SolutionConfigurationPlatforms) = preSolution
		Debug|Any CPU = Debug|Any CPU
		Debug|x64 = Debug|x64
		Release|Any CPU = Release|Any CPU
		Release|x64 = Release|x64
	EndGlobalSection
	GlobalSection(ProjectConfigurationPlatforms) = postSolution
		{B7E1F544-A612-45B9-ABFC-24427571E2D1}.Debug|Any CPU.ActiveCfg = Debug|x64
		{B7E1F544-A612-45B9-ABFC-24427571E2D1}.Debug|Any CPU.Build.0 = Debug|x64
		{B7E1F544-A612-45B9-ABFC-24427571E2D1}.Debug|Any CPU.Deploy.0 = Debug|x64
		{B7E1F544-A612-45B9-ABFC-24427571E2D1}.Debug|x64.ActiveCfg = Debug|x64
		{B7E1F544-A612-45B9-ABFC-24427571E2D1}.Debug|x64.Build.0 = Debug|x64
		{B7E1F544-A612-45B9-ABFC-24427571E2D1}.Debug|x64.Deploy.0 = Debug|x64
		{B7E1F544-A612-45B9-ABFC-24427571E2D1}.Release|Any CPU.ActiveCfg = Release|x64
		{B7E1F544-A612-45B9-ABFC-24427571E2D1}.Release|Any CPU.Build.0 = Release|x64
		{B7E1F544-A612-45B9-ABFC-24427571E2D1}.Release|Any CPU.Deploy.0 = Release|x64
		{B7E1F544-A612-45B9-ABFC-24427571E2D1}.Release|x64.ActiveCfg = Release|x64
		{B7E1F544-A612-45B9-ABFC-24427571E2D1}.Release|x64.Build.0 = Release|x64
		{B7E1F544-A612-45B9-ABFC-24427571E2D1}.Release|x64.Deploy.0 = Release|x64
		{EC4F41BC-13BF-410D-9EA6-69BF076447DA}.Debug|Any CPU.ActiveCfg = Debug|Any CPU
		{EC4F41BC-13BF-410D-9EA6-69BF076447DA}.Debug|Any CPU.Build.0 = Debug|Any CPU
		{EC4F41BC-13BF-410D-9EA6-69BF076447DA}.Debug|x64.ActiveCfg = Debug|Any CPU
		{EC4F41BC-13BF-410D-9EA6-69BF076447DA}.Debug|x64.Build.0 = Debug|Any CPU
		{EC4F41BC-13BF-410D-9EA6-69BF076447DA}.Release|Any CPU.ActiveCfg = Release|Any CPU
		{EC4F41BC-13BF-410D-9EA6-69BF076447DA}.Release|Any CPU.Build.0 = Release|Any CPU
		{EC4F41BC-13BF-410D-9EA6-69BF076447DA}.Release|x64.ActiveCfg = Release|Any CPU
		{EC4F41BC-13BF-410D-9EA6-69BF076447DA}.Release|x64.Build.0 = Release|Any CPU
		{7A0FE5D1-CB8F-478F-837B-69F5647EC54D}.Debug|Any CPU.ActiveCfg = Debug|Any CPU
		{7A0FE5D1-CB8F-478F-837B-69F5647EC54D}.Debug|Any CPU.Build.0 = Debug|Any CPU
		{7A0FE5D1-CB8F-478F-837B-69F5647EC54D}.Debug|x64.ActiveCfg = Debug|Any CPU
		{7A0FE5D1-CB8F-478F-837B-69F5647EC54D}.Debug|x64.Build.0 = Debug|Any CPU
		{7A0FE5D1-CB8F-478F-837B-69F5647EC54D}.Release|Any CPU.ActiveCfg = Release|Any CPU
		{7A0FE5D1-CB8F-478F-837B-69F5647EC54D}.Release|Any CPU.Build.0 = Release|Any CPU
		{7A0FE5D1-CB8F-478F-837B-69F5647EC54D}.Release|x64.ActiveCfg = Release|Any CPU
		{7A0FE5D1-CB8F-478F-837B-69F5647EC54D}.Release|x64.Build.0 = Release|Any CPU
		{9206F4F4-EC85-4844-BAB2-CC7D99544D57}.Debug|Any CPU.ActiveCfg = Debug|Any CPU
		{9206F4F4-EC85-4844-BAB2-CC7D99544D57}.Debug|Any CPU.Build.0 = Debug|Any CPU
		{9206F4F4-EC85-4844-BAB2-CC7D99544D57}.Debug|x64.ActiveCfg = Debug|Any CPU
		{9206F4F4-EC85-4844-BAB2-CC7D99544D57}.Debug|x64.Build.0 = Debug|Any CPU
		{9206F4F4-EC85-4844-BAB2-CC7D99544D57}.Release|Any CPU.ActiveCfg = Release|Any CPU
		{9206F4F4-EC85-4844-BAB2-CC7D99544D57}.Release|Any CPU.Build.0 = Release|Any CPU
		{9206F4F4-EC85-4844-BAB2-CC7D99544D57}.Release|x64.ActiveCfg = Release|Any CPU
		{9206F4F4-EC85-4844-BAB2-CC7D99544D57}.Release|x64.Build.0 = Release|Any CPU
		{6975DA7E-9AA0-41D7-AC65-E0CD0CEA7C90}.Debug|Any CPU.ActiveCfg = Debug|Any CPU
		{6975DA7E-9AA0-41D7-AC65-E0CD0CEA7C90}.Debug|Any CPU.Build.0 = Debug|Any CPU
		{6975DA7E-9AA0-41D7-AC65-E0CD0CEA7C90}.Debug|x64.ActiveCfg = Debug|Any CPU
		{6975DA7E-9AA0-41D7-AC65-E0CD0CEA7C90}.Debug|x64.Build.0 = Debug|Any CPU
		{6975DA7E-9AA0-41D7-AC65-E0CD0CEA7C90}.Release|Any CPU.ActiveCfg = Release|Any CPU
		{6975DA7E-9AA0-41D7-AC65-E0CD0CEA7C90}.Release|Any CPU.Build.0 = Release|Any CPU
		{6975DA7E-9AA0-41D7-AC65-E0CD0CEA7C90}.Release|x64.ActiveCfg = Release|Any CPU
		{6975DA7E-9AA0-41D7-AC65-E0CD0CEA7C90}.Release|x64.Build.0 = Release|Any CPU
		{D7670783-7309-4E95-A38B-CF17D3994F29}.Debug|Any CPU.ActiveCfg = Debug|Any CPU
		{D7670783-7309-4E95-A38B-CF17D3994F29}.Debug|Any CPU.Build.0 = Debug|Any CPU
		{D7670783-7309-4E95-A38B-CF17D3994F29}.Debug|x64.ActiveCfg = Debug|Any CPU
		{D7670783-7309-4E95-A38B-CF17D3994F29}.Debug|x64.Build.0 = Debug|Any CPU
		{D7670783-7309-4E95-A38B-CF17D3994F29}.Release|Any CPU.ActiveCfg = Release|Any CPU
		{D7670783-7309-4E95-A38B-CF17D3994F29}.Release|Any CPU.Build.0 = Release|Any CPU
		{D7670783-7309-4E95-A38B-CF17D3994F29}.Release|x64.ActiveCfg = Release|Any CPU
		{D7670783-7309-4E95-A38B-CF17D3994F29}.Release|x64.Build.0 = Release|Any CPU
		{F70E165F-0323-4EA5-BA69-6DD7EE50D577}.Debug|Any CPU.ActiveCfg = Debug|Any CPU
		{F70E165F-0323-4EA5-BA69-6DD7EE50D577}.Debug|Any CPU.Build.0 = Debug|Any CPU
		{F70E165F-0323-4EA5-BA69-6DD7EE50D577}.Debug|x64.ActiveCfg = Debug|Any CPU
		{F70E165F-0323-4EA5-BA69-6DD7EE50D577}.Debug|x64.Build.0 = Debug|Any CPU
		{F70E165F-0323-4EA5-BA69-6DD7EE50D577}.Release|Any CPU.ActiveCfg = Release|Any CPU
		{F70E165F-0323-4EA5-BA69-6DD7EE50D577}.Release|Any CPU.Build.0 = Release|Any CPU
		{F70E165F-0323-4EA5-BA69-6DD7EE50D577}.Release|x64.ActiveCfg = Release|Any CPU
		{F70E165F-0323-4EA5-BA69-6DD7EE50D577}.Release|x64.Build.0 = Release|Any CPU
	EndGlobalSection
	GlobalSection(SolutionProperties) = preSolution
		HideSolutionNode = FALSE
	EndGlobalSection
	GlobalSection(ExtensibilityGlobals) = postSolution
		SolutionGuid = {8A200971-A369-4A8C-BBFF-28A34386FBA7}
	EndGlobalSection
EndGlobal
